
Microsoft Visual Studio Solution File, Format Version 12.00
# Visual Studio Version 17
VisualStudioVersion = 17.11.35312.102
MinimumVisualStudioVersion = 10.0.40219.1
Project("{FAE04EC0-301F-11D3-BF4B-00C04F79EFBC}") = "Week9Lists", "Week9Lists\Week9Lists.csproj", "{F562535E-38BC-459C-B4AA-B4391980EDC7}"
EndProject
Global
	GlobalSection(SolutionConfigurationPlatforms) = preSolution
		Debug|Any CPU = Debug|Any CPU
		Release|Any CPU = Release|Any CPU
	EndGlobalSection
	GlobalSection(ProjectConfigurationPlatforms) = postSolution
		{F562535E-38BC-459C-B4AA-B4391980EDC7}.Debug|Any CPU.ActiveCfg = Debug|Any CPU
		{F562535E-38BC-459C-B4AA-B4391980EDC7}.Debug|Any CPU.Build.0 = Debug|Any CPU
		{F562535E-38BC-459C-B4AA-B4391980EDC7}.Release|Any CPU.ActiveCfg = Release|Any CPU
		{F562535E-38BC-459C-B4AA-B4391980EDC7}.Release|Any CPU.Build.0 = Release|Any CPU
	EndGlobalSection
	GlobalSection(SolutionProperties) = preSolution
		HideSolutionNode = FALSE
	EndGlobalSection
	GlobalSection(ExtensibilityGlobals) = postSolution
		SolutionGuid = {6A8C5909-5F97-496A-84EE-C406D556E81C}
	EndGlobalSection
EndGlobal
